{
  "name": "daenerys-example",
  "version": "1.0.0",
  "lockfileVersion": 2,
  "requires": true,
  "packages": {
    "": {
      "name": "daenerys-example",
      "version": "1.0.0",
      "license": "ISC",
      "dependencies": {
        "daenerys": "file:..",
        "nyan-progress": "^1.1.0"
      }
    },
    "..": {
      "name": "daenerys",
      "version": "1.1.0",
      "license": "ISC",
      "dependencies": {
        "inquirer": "^8.1.2",
        "is-elevated": "^3.0.0"
      },
      "bin": {
        "daenerys": "bin/daenerys.js"
      },
      "devDependencies": {
        "pkg": "^5.3.1"
      }
    },
    "node_modules/daenerys": {
      "resolved": "..",
      "link": true
    },
    "node_modules/nyan-progress": {
      "version": "1.1.0",
      "resolved": "https://registry.npmjs.org/nyan-progress/-/nyan-progress-1.1.0.tgz",
      "integrity": "sha1-6qq4x5hGSdbKdnCAhTSI5eYP5FY="
    }
  },
  "dependencies": {
    "daenerys": {
      "version": "file:..",
      "requires": {
        "inquirer": "^8.1.2",
        "is-elevated": "^3.0.0",
        "pkg": "^5.3.1"
      }
    },
    "nyan-progress": {
      "version": "1.1.0",
      "resolved": "https://registry.npmjs.org/nyan-progress/-/nyan-progress-1.1.0.tgz",
      "integrity": "sha1-6qq4x5hGSdbKdnCAhTSI5eYP5FY="
    }
  }
}
